
Microsoft Visual Studio Solution File, Format Version 12.00
# Visual Studio 15
VisualStudioVersion = 15.0.26730.16
MinimumVisualStudioVersion = 10.0.40219.1
Project("{FAE04EC0-301F-11D3-BF4B-00C04F79EFBC}") = "ABICommercialProject", "ABICommercialProject\ABICommercialProject.csproj", "{4ACB6295-FF71-4B05-B10D-C939F9FED7ED}"
EndProject
Project("{FAE04EC0-301F-11D3-BF4B-00C04F79EFBC}") = "ABIModel", "ABIModel1\ABIModel.csproj", "{F25999C9-E24C-4D73-A3E9-76ADF701C7C6}"
EndProject
Project("{FAE04EC0-301F-11D3-BF4B-00C04F79EFBC}") = "ABIDAO", "ABIDAO\ABIDAO.csproj", "{A597E9D3-2B2C-4F8B-BF69-06A5F0C5D841}"
EndProject
Project("{FAE04EC0-301F-11D3-BF4B-00C04F79EFBC}") = "ABIView", "ABIView\ABIView.csproj", "{BCA40FED-D459-48A5-AF99-491D6C347818}"
EndProject
Project("{FAE04EC0-301F-11D3-BF4B-00C04F79EFBC}") = "ABIController", "ABIController\ABIController.csproj", "{7EDE9F8E-9084-4DF7-951C-E368069E2FCF}"
EndProject
Project("{FAE04EC0-301F-11D3-BF4B-00C04F79EFBC}") = "MetierServiceApplication", "MetierServiceApplication\MetierServiceApplication.csproj", "{45744ABD-DB11-42A8-B625-9D7D90288F0A}"
EndProject
Global
	GlobalSection(SolutionConfigurationPlatforms) = preSolution
		Debug|Any CPU = Debug|Any CPU
		Release|Any CPU = Release|Any CPU
	EndGlobalSection
	GlobalSection(ProjectConfigurationPlatforms) = postSolution
		{4ACB6295-FF71-4B05-B10D-C939F9FED7ED}.Debug|Any CPU.ActiveCfg = Debug|Any CPU
		{4ACB6295-FF71-4B05-B10D-C939F9FED7ED}.Debug|Any CPU.Build.0 = Debug|Any CPU
		{4ACB6295-FF71-4B05-B10D-C939F9FED7ED}.Release|Any CPU.ActiveCfg = Release|Any CPU
		{4ACB6295-FF71-4B05-B10D-C939F9FED7ED}.Release|Any CPU.Build.0 = Release|Any CPU
		{F25999C9-E24C-4D73-A3E9-76ADF701C7C6}.Debug|Any CPU.ActiveCfg = Debug|Any CPU
		{F25999C9-E24C-4D73-A3E9-76ADF701C7C6}.Debug|Any CPU.Build.0 = Debug|Any CPU
		{F25999C9-E24C-4D73-A3E9-76ADF701C7C6}.Release|Any CPU.ActiveCfg = Release|Any CPU
		{F25999C9-E24C-4D73-A3E9-76ADF701C7C6}.Release|Any CPU.Build.0 = Release|Any CPU
		{A597E9D3-2B2C-4F8B-BF69-06A5F0C5D841}.Debug|Any CPU.ActiveCfg = Debug|Any CPU
		{A597E9D3-2B2C-4F8B-BF69-06A5F0C5D841}.Debug|Any CPU.Build.0 = Debug|Any CPU
		{A597E9D3-2B2C-4F8B-BF69-06A5F0C5D841}.Release|Any CPU.ActiveCfg = Release|Any CPU
		{A597E9D3-2B2C-4F8B-BF69-06A5F0C5D841}.Release|Any CPU.Build.0 = Release|Any CPU
		{BCA40FED-D459-48A5-AF99-491D6C347818}.Debug|Any CPU.ActiveCfg = Debug|Any CPU
		{BCA40FED-D459-48A5-AF99-491D6C347818}.Debug|Any CPU.Build.0 = Debug|Any CPU
		{BCA40FED-D459-48A5-AF99-491D6C347818}.Release|Any CPU.ActiveCfg = Release|Any CPU
		{BCA40FED-D459-48A5-AF99-491D6C347818}.Release|Any CPU.Build.0 = Release|Any CPU
		{7EDE9F8E-9084-4DF7-951C-E368069E2FCF}.Debug|Any CPU.ActiveCfg = Debug|Any CPU
		{7EDE9F8E-9084-4DF7-951C-E368069E2FCF}.Debug|Any CPU.Build.0 = Debug|Any CPU
		{7EDE9F8E-9084-4DF7-951C-E368069E2FCF}.Release|Any CPU.ActiveCfg = Release|Any CPU
		{7EDE9F8E-9084-4DF7-951C-E368069E2FCF}.Release|Any CPU.Build.0 = Release|Any CPU
		{45744ABD-DB11-42A8-B625-9D7D90288F0A}.Debug|Any CPU.ActiveCfg = Debug|Any CPU
		{45744ABD-DB11-42A8-B625-9D7D90288F0A}.Debug|Any CPU.Build.0 = Debug|Any CPU
		{45744ABD-DB11-42A8-B625-9D7D90288F0A}.Release|Any CPU.ActiveCfg = Release|Any CPU
		{45744ABD-DB11-42A8-B625-9D7D90288F0A}.Release|Any CPU.Build.0 = Release|Any CPU
	EndGlobalSection
	GlobalSection(SolutionProperties) = preSolution
		HideSolutionNode = FALSE
	EndGlobalSection
	GlobalSection(ExtensibilityGlobals) = postSolution
		SolutionGuid = {AE528683-291B-4A91-8BE6-868BA3DFBE80}
	EndGlobalSection
EndGlobal
